
Microsoft Visual Studio Solution File, Format Version 12.00
# Visual Studio Version 17
VisualStudioVersion = 17.6.33801.468
MinimumVisualStudioVersion = 10.0.40219.1
Project("{2150E333-8FDC-42A3-9474-1A3956D46DE8}") = "Core", "Core", "{42115560-A46F-480A-A617-557FC9FEC43F}"
EndProject
Project("{FAE04EC0-301F-11D3-BF4B-00C04F79EFBC}") = "ECommerceAPI.Domain", "Core\ECommerceAPI.Domain\ECommerceAPI.Domain.csproj", "{E7FB7D96-9874-46BD-86BE-3895A2AEE004}"
EndProject
Project("{FAE04EC0-301F-11D3-BF4B-00C04F79EFBC}") = "ECommerceAPI.Application", "Core\ECommerceAPI.Application\ECommerceAPI.Application.csproj", "{71BF9B7F-9FB5-4174-AD88-51D6629F482A}"
EndProject
Project("{2150E333-8FDC-42A3-9474-1A3956D46DE8}") = "Infrastructure", "Infrastructure", "{1C3D4672-773A-4CD1-B969-AE926A8C6F8B}"
EndProject
Project("{FAE04EC0-301F-11D3-BF4B-00C04F79EFBC}") = "ECommerceAPI.Infrastructure", "Infrastructure\ECommerceAPI.Infrastructure\ECommerceAPI.Infrastructure.csproj", "{ADDD5AE1-4893-42F2-9ECF-D4F27979BF23}"
EndProject
Project("{FAE04EC0-301F-11D3-BF4B-00C04F79EFBC}") = "ECommerAPI.Persistance", "Infrastructure\ECommerAPI.Persistance\ECommerAPI.Persistance.csproj", "{524A1ECE-9E9C-4CF9-AE0A-438673DD6257}"
EndProject
Project("{2150E333-8FDC-42A3-9474-1A3956D46DE8}") = "Presantation", "Presantation", "{022E1930-31D7-4EDD-A8A0-05702D06D549}"
EndProject
Project("{FAE04EC0-301F-11D3-BF4B-00C04F79EFBC}") = "ECommerceAPI.API", "Presentation\ECommerceAPI.API\ECommerceAPI.API.csproj", "{27227317-7C5C-4CF0-976F-4A20A1F0AB64}"
EndProject
Global
	GlobalSection(SolutionConfigurationPlatforms) = preSolution
		Debug|Any CPU = Debug|Any CPU
		Release|Any CPU = Release|Any CPU
	EndGlobalSection
	GlobalSection(ProjectConfigurationPlatforms) = postSolution
		{E7FB7D96-9874-46BD-86BE-3895A2AEE004}.Debug|Any CPU.ActiveCfg = Debug|Any CPU
		{E7FB7D96-9874-46BD-86BE-3895A2AEE004}.Debug|Any CPU.Build.0 = Debug|Any CPU
		{E7FB7D96-9874-46BD-86BE-3895A2AEE004}.Release|Any CPU.ActiveCfg = Release|Any CPU
		{E7FB7D96-9874-46BD-86BE-3895A2AEE004}.Release|Any CPU.Build.0 = Release|Any CPU
		{71BF9B7F-9FB5-4174-AD88-51D6629F482A}.Debug|Any CPU.ActiveCfg = Debug|Any CPU
		{71BF9B7F-9FB5-4174-AD88-51D6629F482A}.Debug|Any CPU.Build.0 = Debug|Any CPU
		{71BF9B7F-9FB5-4174-AD88-51D6629F482A}.Release|Any CPU.ActiveCfg = Release|Any CPU
		{71BF9B7F-9FB5-4174-AD88-51D6629F482A}.Release|Any CPU.Build.0 = Release|Any CPU
		{ADDD5AE1-4893-42F2-9ECF-D4F27979BF23}.Debug|Any CPU.ActiveCfg = Debug|Any CPU
		{ADDD5AE1-4893-42F2-9ECF-D4F27979BF23}.Debug|Any CPU.Build.0 = Debug|Any CPU
		{ADDD5AE1-4893-42F2-9ECF-D4F27979BF23}.Release|Any CPU.ActiveCfg = Release|Any CPU
		{ADDD5AE1-4893-42F2-9ECF-D4F27979BF23}.Release|Any CPU.Build.0 = Release|Any CPU
		{524A1ECE-9E9C-4CF9-AE0A-438673DD6257}.Debug|Any CPU.ActiveCfg = Debug|Any CPU
		{524A1ECE-9E9C-4CF9-AE0A-438673DD6257}.Debug|Any CPU.Build.0 = Debug|Any CPU
		{524A1ECE-9E9C-4CF9-AE0A-438673DD6257}.Release|Any CPU.ActiveCfg = Release|Any CPU
		{524A1ECE-9E9C-4CF9-AE0A-438673DD6257}.Release|Any CPU.Build.0 = Release|Any CPU
		{27227317-7C5C-4CF0-976F-4A20A1F0AB64}.Debug|Any CPU.ActiveCfg = Debug|Any CPU
		{27227317-7C5C-4CF0-976F-4A20A1F0AB64}.Debug|Any CPU.Build.0 = Debug|Any CPU
		{27227317-7C5C-4CF0-976F-4A20A1F0AB64}.Release|Any CPU.ActiveCfg = Release|Any CPU
		{27227317-7C5C-4CF0-976F-4A20A1F0AB64}.Release|Any CPU.Build.0 = Release|Any CPU
	EndGlobalSection
	GlobalSection(SolutionProperties) = preSolution
		HideSolutionNode = FALSE
	EndGlobalSection
	GlobalSection(NestedProjects) = preSolution
		{E7FB7D96-9874-46BD-86BE-3895A2AEE004} = {42115560-A46F-480A-A617-557FC9FEC43F}
		{71BF9B7F-9FB5-4174-AD88-51D6629F482A} = {42115560-A46F-480A-A617-557FC9FEC43F}
		{ADDD5AE1-4893-42F2-9ECF-D4F27979BF23} = {1C3D4672-773A-4CD1-B969-AE926A8C6F8B}
		{524A1ECE-9E9C-4CF9-AE0A-438673DD6257} = {1C3D4672-773A-4CD1-B969-AE926A8C6F8B}
		{27227317-7C5C-4CF0-976F-4A20A1F0AB64} = {022E1930-31D7-4EDD-A8A0-05702D06D549}
	EndGlobalSection
	GlobalSection(ExtensibilityGlobals) = postSolution
		SolutionGuid = {C8618342-A54B-4F4B-AB6B-DC2C938C83A9}
	EndGlobalSection
EndGlobal
